
Microsoft Visual Studio Solution File, Format Version 12.00
# Visual Studio Version 17
VisualStudioVersion = 17.4.33403.182
MinimumVisualStudioVersion = 10.0.40219.1
Project("{9A19103F-16F7-4668-BE54-9A1E7A4F7556}") = "ExecutableRunnerService", "ExecutableRunnerService.csproj", "{18AB1FDA-271C-4AD5-83F6-17ADB3E306AA}"
EndProject
Global
	GlobalSection(SolutionConfigurationPlatforms) = preSolution
		Debug|Any CPU = Debug|Any CPU
		Release|Any CPU = Release|Any CPU
	EndGlobalSection
	GlobalSection(ProjectConfigurationPlatforms) = postSolution
		{18AB1FDA-271C-4AD5-83F6-17ADB3E306AA}.Debug|Any CPU.ActiveCfg = Debug|Any CPU
		{18AB1FDA-271C-4AD5-83F6-17ADB3E306AA}.Debug|Any CPU.Build.0 = Debug|Any CPU
		{18AB1FDA-271C-4AD5-83F6-17ADB3E306AA}.Release|Any CPU.ActiveCfg = Release|Any CPU
		{18AB1FDA-271C-4AD5-83F6-17ADB3E306AA}.Release|Any CPU.Build.0 = Release|Any CPU
	EndGlobalSection
	GlobalSection(SolutionProperties) = preSolution
		HideSolutionNode = FALSE
	EndGlobalSection
	GlobalSection(ExtensibilityGlobals) = postSolution
		SolutionGuid = {24F97AE9-43AF-4BE1-A929-B02B0AF9AA18}
	EndGlobalSection
EndGlobal
